github.com/BurntSushi/toml v0.3.1/go.mod h1:xHWCNGjB5oqiDr8zfno3MHue2Ht5sIBksp03qcyfWMU=
github.com/andybalholm/brotli v1.0.0 h1:7UCwP93aiSfvWpapti8g88vVVGp2qqtGyePsSuDafo4=
github.com/andybalholm/brotli v1.0.0/go.mod h1:loMXtMfwqflxFJPmdbJO0a3KNoPuLBgiu3qAvBg8x/Y=
github.com/cpuguy83/go-md2man/v2 v2.0.0-20190314233015-f79a8a8ca69d/go.mod h1:maD7wRr/U5Z6m/iR4s+kqSMx2CaBsrgA7czyZG/E6dU=
github.com/davecgh/go-spew v1.1.0/go.mod h1:J7Y8YcW2NihsgmVo/mv3lAwl/skON4iLHjSsI+c5H38=
github.com/davecgh/go-spew v1.1.1/go.mod h1:J7Y8YcW2NihsgmVo/mv3lAwl/skON4iLHjSsI+c5H38=
github.com/montanaflynn/broccoli v1.0.4 h1:Pl6qswDRkyk9l4FIpCTrfasbi0WZXmBl4gmMFd/DCuM=
github.com/montanaflynn/broccoli v1.0.4/go.mod h1:CfvvUgS156ksQSINi2sEuRrq0Oidmslo0yWIHdO3ifk=
github.com/montanaflynn/broccoli/fs v0.0.0-20201214094408-6d02e9ece3b7 h1:KYir6D8nCIo85uDW71lt//GU5PmQ2VXViF9j555Xxmo=
github.com/montanaflynn/broccoli/fs v0.0.0-20201214094408-6d02e9ece3b7/go.mod h1:obN7zETgm/JXlCsqmmqhiedYzJ0wARcZRh3sHyctBXY=
github.com/pkg/errors v0.9.1 h1:FEBLx1zS214owpjy7qsBeixbURkuhQAwrK5UwLGTwt4=
github.com/pkg/errors v0.9.1/go.mod h1:bwawxfHBFNV+L2hUp1rHADufV3IMtnDRdf1r5NINEl0=
github.com/pmezard/go-difflib v1.0.0/go.mod h1:iKH77koFhYxTK1pcRnkKkqfTogsbg7gZNVY4sRDYZ/4=
github.com/russross/blackfriday/v2 v2.0.1/go.mod h1:+Rmxgy9KzJVeS9/2gXHxylqXiyQDYRxCVz55jmeOWTM=
github.com/sabhiram/go-gitignore v0.0.0-20180611051255-d3107576ba94 h1:G04eS0JkAIVZfaJLjla9dNxkJCPiKIGZlw9AfOhzOD0=
github.com/sabhiram/go-gitignore v0.0.0-20180611051255-d3107576ba94/go.mod h1:b18R55ulyQ/h3RaWyloPyER7fWQVZvimKKhnI5OfrJQ=
github.com/sabhiram/go-gitignore v0.0.0-20201211210132-54b8a0bf510f h1:8P2MkG70G76gnZBOPGwmMIgwBb/rESQuwsJ7K8ds4NE=
github.com/sabhiram/go-gitignore v0.0.0-20201211210132-54b8a0bf510f/go.mod h1:+ePHsJ1keEjQtpvf9HHw0f4ZeJ0TLRsxhunSI2hYJSs=
github.com/shurcooL/sanitized_anchor_name v1.0.0/go.mod h1:1NzhyTcUVG4SuEtjjoZeVRXNmyL/1OwPU0+IJeTBvfc=
github.com/stretchr/objx v0.1.0/go.mod h1:HFkY916IF+rwdDfMAkV7OtwuqBVzrE8GR6GFx+wExME=
github.com/stretchr/testify v1.5.1/go.mod h1:5W2xD1RspED5o8YsWQXVCued0rvSQ+mT+I5cxcmMvtA=
github.com/stretchr/testify v1.6.1/go.mod h1:6Fq8oRcR53rry900zMqJjRRixrwX3KX962/h/Wwjteg=
github.com/urfave/cli v1.22.4 h1:u7tSpNPPswAFymm8IehJhy4uJMlUuU/GmqSkvJ1InXA=
github.com/urfave/cli v1.22.4/go.mod h1:Gos4lmkARVdJ6EkW0WaNv/tZAAMe9V7XWyB60NtXRu0=
gopkg.in/check.v1 v0.0.0-20161208181325-20d25e280405/go.mod h1:Co6ibVJAznAaIkqp8huTwlJQCZ016jof/cbN4VW5Yz0=
gopkg.in/yaml.v2 v2.2.2/go.mod h1:hI93XBmqTisBFMUTm0b8Fm+jr3Dg1NNxqwp+5A1VGuI=
gopkg.in/yaml.v3 v3.0.0-20200313102051-9f266ea9e77c/go.mod h1:K4uyk7z7BCEPqu6E+C64Yfv1cQ7kz7rIZviUmN+EgEM=
