github.com/Pilatuz/bigz v1.2.1 h1:S/R9NGdunq2lIz7KvHu6DmX8bdh41uMqijWeJDz0U5Y=
github.com/Pilatuz/bigz v1.2.1/go.mod h1:FZmplFUEZe3pUr647EQMQgYhV+n9h8+HGTsYK4X6xws=
golang.org/x/exp v0.0.0-20230425010034-47ecfdc1ba53 h1:5llv2sWeaMSnA3w2kS57ouQQ4pudlXrR0dCgw51QK9o=
golang.org/x/exp v0.0.0-20230425010034-47ecfdc1ba53/go.mod h1:V1LtkGg67GoY2N1AnLN78QLrzxkLyJw7RJb1gzOOz9w=
